{
  "name": "fixture-root",
  "lockfileVersion": 3,
  "packages": {
    "": {
      "name": "fixture-root"
    },
    "node_modules/@scope/root-direct": {
      "version": "1.0.0"
    },
    "node_modules/sibling": {
      "version": "2.0.0"
    },
    "node_modules/sibling/node_modules/@scope/nested": {
      "version": "3.0.0"
    },
    "node_modules/sibling/node_modules/child": {
      "version": "4.0.0"
    },
    "apps/web/node_modules/@scope/web-direct": {
      "version": "5.0.0"
    },
    "apps/web/node_modules/@scope/web-direct/node_modules/child": {
      "version": "6.0.0"
    },
    "apps/web/node_modules/sibling": {
      "version": "7.0.0"
    },
    "apps/admin/node_modules/@scope/admin-direct": {
      "version": "8.0.0"
    },
    "apps/admin/node_modules/@scope/web-direct": {
      "version": "5.0.0"
    }
  }
}
